{
    "_readme": [
        "This file locks the dependencies of your project to a known state",
        "Read more about it at https://getcomposer.org/doc/01-basic-usage.md#composer-lock-the-lock-file",
        "This file is @generated automatically"
    ],
    "hash": "af1c169a5a44d733a1c0f73125e0da1b",
    "content-hash": "49ada3e95558c7144fb62bc1ed8aeb0d",
    "packages": [
        {
            "name": "longman/telegram-bot",
            "version": "0.28.0",
            "source": {
                "type": "git",
                "url": "https://github.com/akalongman/php-telegram-bot.git",
                "reference": "6312cc2abe6effedb6af1e12cb1b79cf1edf0728"
            },
            "dist": {
                "type": "zip",
                "url": "https://api.github.com/repos/akalongman/php-telegram-bot/zipball/6312cc2abe6effedb6af1e12cb1b79cf1edf0728",
                "reference": "6312cc2abe6effedb6af1e12cb1b79cf1edf0728",
                "shasum": ""
            },
            "require": {
                "ext-curl": "*",
                "ext-pdo": "*",
                "php": ">=5.5.0"
            },
            "require-dev": {
                "phpspec/phpspec": "~2.1",
                "phpunit/phpunit": "~4.1",
                "squizlabs/php_codesniffer": "~2.3"
            },
            "type": "library",
            "autoload": {
                "psr-4": {
                    "Longman\\TelegramBot\\": "src/"
                }
            },
            "notification-url": "https://packagist.org/downloads/",
            "license": [
                "MIT"
            ],
            "authors": [
                {
                    "name": "Avtandil Kikabidze aka LONGMAN",
                    "email": "akalongman@gmail.com",
                    "homepage": "http://longman.me",
                    "role": "Developer"
                }
            ],
            "description": "PHP telegram bot",
            "homepage": "https://github.com/akalongman/php-telegram-bot",
            "keywords": [
                "api",
                "bot",
                "telegram"
            ],
            "time": "2016-02-15 10:44:45"
        }
    ],
    "packages-dev": [],
    "aliases": [],
    "minimum-stability": "stable",
    "stability-flags": [],
    "prefer-stable": false,
    "prefer-lowest": false,
    "platform": [],
    "platform-dev": []
}
